
Microsoft Visual Studio Solution File, Format Version 12.00
# Visual Studio Version 17
VisualStudioVersion = 17.3.32929.385
MinimumVisualStudioVersion = 10.0.40219.1
Project("{FAE04EC0-301F-11D3-BF4B-00C04F79EFBC}") = "GetFit", "GetFit\GetFit.csproj", "{A559A030-7A21-4A34-A724-33AB67D16AA7}"
EndProject
Global
	GlobalSection(SolutionConfigurationPlatforms) = preSolution
		Debug|Any CPU = Debug|Any CPU
		Release|Any CPU = Release|Any CPU
	EndGlobalSection
	GlobalSection(ProjectConfigurationPlatforms) = postSolution
		{A559A030-7A21-4A34-A724-33AB67D16AA7}.Debug|Any CPU.ActiveCfg = Debug|Any CPU
		{A559A030-7A21-4A34-A724-33AB67D16AA7}.Debug|Any CPU.Build.0 = Debug|Any CPU
		{A559A030-7A21-4A34-A724-33AB67D16AA7}.Release|Any CPU.ActiveCfg = Release|Any CPU
		{A559A030-7A21-4A34-A724-33AB67D16AA7}.Release|Any CPU.Build.0 = Release|Any CPU
	EndGlobalSection
	GlobalSection(SolutionProperties) = preSolution
		HideSolutionNode = FALSE
	EndGlobalSection
	GlobalSection(ExtensibilityGlobals) = postSolution
		SolutionGuid = {3354A166-2FBC-459B-B803-5A29AE5089DA}
	EndGlobalSection
EndGlobal
